
Microsoft Visual Studio Solution File, Format Version 12.00
# Visual Studio Version 17
VisualStudioVersion = 17.0.31903.59
MinimumVisualStudioVersion = 10.0.40219.1
Project("{FAE04EC0-301F-11D3-BF4B-00C04F79EFBC}") = "ChampionshipTable.Domain", "ChampionshipTable.Domain\ChampionshipTable.Domain.csproj", "{C92DB567-398D-4625-9A24-FE0E50B21966}"
EndProject
Project("{FAE04EC0-301F-11D3-BF4B-00C04F79EFBC}") = "ChampionshipTable.Application", "ChampionshipTable.Application\ChampionshipTable.Application.csproj", "{23823D70-045C-49DC-8774-E5FE6D7C58BB}"
EndProject
Project("{FAE04EC0-301F-11D3-BF4B-00C04F79EFBC}") = "ChampionshipTable.Infrastructure", "ChampionshipTable.Infrastructure\ChampionshipTable.Infrastructure.csproj", "{D80F1FB2-2B03-475B-9C1D-6D8537643399}"
EndProject
Project("{FAE04EC0-301F-11D3-BF4B-00C04F79EFBC}") = "ChampionshipTable.WebAPI", "ChampionshipTable.WebAPI\ChampionshipTable.WebAPI.csproj", "{C384161E-D7B1-4E57-B870-6E79F10A06C7}"
EndProject
Global
	GlobalSection(SolutionConfigurationPlatforms) = preSolution
		Debug|Any CPU = Debug|Any CPU
		Debug|x64 = Debug|x64
		Debug|x86 = Debug|x86
		Release|Any CPU = Release|Any CPU
		Release|x64 = Release|x64
		Release|x86 = Release|x86
	EndGlobalSection
	GlobalSection(ProjectConfigurationPlatforms) = postSolution
		{C92DB567-398D-4625-9A24-FE0E50B21966}.Debug|Any CPU.ActiveCfg = Debug|Any CPU
		{C92DB567-398D-4625-9A24-FE0E50B21966}.Debug|Any CPU.Build.0 = Debug|Any CPU
		{C92DB567-398D-4625-9A24-FE0E50B21966}.Debug|x64.ActiveCfg = Debug|Any CPU
		{C92DB567-398D-4625-9A24-FE0E50B21966}.Debug|x64.Build.0 = Debug|Any CPU
		{C92DB567-398D-4625-9A24-FE0E50B21966}.Debug|x86.ActiveCfg = Debug|Any CPU
		{C92DB567-398D-4625-9A24-FE0E50B21966}.Debug|x86.Build.0 = Debug|Any CPU
		{C92DB567-398D-4625-9A24-FE0E50B21966}.Release|Any CPU.ActiveCfg = Release|Any CPU
		{C92DB567-398D-4625-9A24-FE0E50B21966}.Release|Any CPU.Build.0 = Release|Any CPU
		{C92DB567-398D-4625-9A24-FE0E50B21966}.Release|x64.ActiveCfg = Release|Any CPU
		{C92DB567-398D-4625-9A24-FE0E50B21966}.Release|x64.Build.0 = Release|Any CPU
		{C92DB567-398D-4625-9A24-FE0E50B21966}.Release|x86.ActiveCfg = Release|Any CPU
		{C92DB567-398D-4625-9A24-FE0E50B21966}.Release|x86.Build.0 = Release|Any CPU
		{23823D70-045C-49DC-8774-E5FE6D7C58BB}.Debug|Any CPU.ActiveCfg = Debug|Any CPU
		{23823D70-045C-49DC-8774-E5FE6D7C58BB}.Debug|Any CPU.Build.0 = Debug|Any CPU
		{23823D70-045C-49DC-8774-E5FE6D7C58BB}.Debug|x64.ActiveCfg = Debug|Any CPU
		{23823D70-045C-49DC-8774-E5FE6D7C58BB}.Debug|x64.Build.0 = Debug|Any CPU
		{23823D70-045C-49DC-8774-E5FE6D7C58BB}.Debug|x86.ActiveCfg = Debug|Any CPU
		{23823D70-045C-49DC-8774-E5FE6D7C58BB}.Debug|x86.Build.0 = Debug|Any CPU
		{23823D70-045C-49DC-8774-E5FE6D7C58BB}.Release|Any CPU.ActiveCfg = Release|Any CPU
		{23823D70-045C-49DC-8774-E5FE6D7C58BB}.Release|Any CPU.Build.0 = Release|Any CPU
		{23823D70-045C-49DC-8774-E5FE6D7C58BB}.Release|x64.ActiveCfg = Release|Any CPU
		{23823D70-045C-49DC-8774-E5FE6D7C58BB}.Release|x64.Build.0 = Release|Any CPU
		{23823D70-045C-49DC-8774-E5FE6D7C58BB}.Release|x86.ActiveCfg = Release|Any CPU
		{23823D70-045C-49DC-8774-E5FE6D7C58BB}.Release|x86.Build.0 = Release|Any CPU
		{D80F1FB2-2B03-475B-9C1D-6D8537643399}.Debug|Any CPU.ActiveCfg = Debug|Any CPU
		{D80F1FB2-2B03-475B-9C1D-6D8537643399}.Debug|Any CPU.Build.0 = Debug|Any CPU
		{D80F1FB2-2B03-475B-9C1D-6D8537643399}.Debug|x64.ActiveCfg = Debug|Any CPU
		{D80F1FB2-2B03-475B-9C1D-6D8537643399}.Debug|x64.Build.0 = Debug|Any CPU
		{D80F1FB2-2B03-475B-9C1D-6D8537643399}.Debug|x86.ActiveCfg = Debug|Any CPU
		{D80F1FB2-2B03-475B-9C1D-6D8537643399}.Debug|x86.Build.0 = Debug|Any CPU
		{D80F1FB2-2B03-475B-9C1D-6D8537643399}.Release|Any CPU.ActiveCfg = Release|Any CPU
		{D80F1FB2-2B03-475B-9C1D-6D8537643399}.Release|Any CPU.Build.0 = Release|Any CPU
		{D80F1FB2-2B03-475B-9C1D-6D8537643399}.Release|x64.ActiveCfg = Release|Any CPU
		{D80F1FB2-2B03-475B-9C1D-6D8537643399}.Release|x64.Build.0 = Release|Any CPU
		{D80F1FB2-2B03-475B-9C1D-6D8537643399}.Release|x86.ActiveCfg = Release|Any CPU
		{D80F1FB2-2B03-475B-9C1D-6D8537643399}.Release|x86.Build.0 = Release|Any CPU
		{C384161E-D7B1-4E57-B870-6E79F10A06C7}.Debug|Any CPU.ActiveCfg = Debug|Any CPU
		{C384161E-D7B1-4E57-B870-6E79F10A06C7}.Debug|Any CPU.Build.0 = Debug|Any CPU
		{C384161E-D7B1-4E57-B870-6E79F10A06C7}.Debug|x64.ActiveCfg = Debug|Any CPU
		{C384161E-D7B1-4E57-B870-6E79F10A06C7}.Debug|x64.Build.0 = Debug|Any CPU
		{C384161E-D7B1-4E57-B870-6E79F10A06C7}.Debug|x86.ActiveCfg = Debug|Any CPU
		{C384161E-D7B1-4E57-B870-6E79F10A06C7}.Debug|x86.Build.0 = Debug|Any CPU
		{C384161E-D7B1-4E57-B870-6E79F10A06C7}.Release|Any CPU.ActiveCfg = Release|Any CPU
		{C384161E-D7B1-4E57-B870-6E79F10A06C7}.Release|Any CPU.Build.0 = Release|Any CPU
		{C384161E-D7B1-4E57-B870-6E79F10A06C7}.Release|x64.ActiveCfg = Release|Any CPU
		{C384161E-D7B1-4E57-B870-6E79F10A06C7}.Release|x64.Build.0 = Release|Any CPU
		{C384161E-D7B1-4E57-B870-6E79F10A06C7}.Release|x86.ActiveCfg = Release|Any CPU
		{C384161E-D7B1-4E57-B870-6E79F10A06C7}.Release|x86.Build.0 = Release|Any CPU
	EndGlobalSection
	GlobalSection(SolutionProperties) = preSolution
		HideSolutionNode = FALSE
	EndGlobalSection
EndGlobal
